{"filter":false,"title":"Gemfile.lock","tooltip":"/Gemfile.lock","undoManager":{"mark":-1,"position":-1,"stack":[]},"ace":{"folds":[],"scrolltop":4047.5625,"scrollleft":0,"selection":{"start":{"row":242,"column":4},"end":{"row":242,"column":6},"isBackwards":false},"options":{"guessTabSize":true,"useWrapMode":false,"wrapToView":true},"firstLineState":{"row":265,"state":"start","mode":"ace/mode/text"}},"timestamp":1533904262894,"hash":"b405771cdbee11259e45aa46ec7a4aff6147bd09"}